
Microsoft Visual Studio Solution File, Format Version 12.00
# Visual Studio 15
VisualStudioVersion = 15.0.26730.16
MinimumVisualStudioVersion = 10.0.40219.1
Project("{FAE04EC0-301F-11D3-BF4B-00C04F79EFBC}") = "BattleTank.Windows", "BattleTank\BattleTank.Windows.csproj", "{2E2DD132-8189-4292-A34F-8D54C8510D4B}"
EndProject
Project("{9A19103F-16F7-4668-BE54-9A1E7A4F7556}") = "BattleTank.Core", "BattleTank.Core\BattleTank.Core.csproj", "{12506D46-D5C2-4D25-BF6E-DA431471949E}"
EndProject
Project("{FAE04EC0-301F-11D3-BF4B-00C04F79EFBC}") = "BattleTank.Android", "BattleTank.Android\BattleTank.Android.csproj", "{9609EF1B-B4BB-4FC3-BE35-F195A4C101E4}"
EndProject
Project("{2150E333-8FDC-42A3-9474-1A3956D46DE8}") = "Solution Items", "Solution Items", "{84E8E719-0FD5-4136-B2F4-AE7AF003DF68}"
	ProjectSection(SolutionItems) = preProject
		..\..\..\Downloads\OneDrive_1_8.01.2019\CodeMap1 - nierozwiniete.dgml = ..\..\..\Downloads\OneDrive_1_8.01.2019\CodeMap1 - nierozwiniete.dgml
		..\..\..\Downloads\OneDrive_1_8.01.2019\CodeMap1.dgml = ..\..\..\Downloads\OneDrive_1_8.01.2019\CodeMap1.dgml
	EndProjectSection
EndProject
Global
	GlobalSection(SolutionConfigurationPlatforms) = preSolution
		ANDROID|Any CPU = ANDROID|Any CPU
		ANDROID|x86 = ANDROID|x86
		Debug|Any CPU = Debug|Any CPU
		Debug|x86 = Debug|x86
		Release|Any CPU = Release|Any CPU
		Release|x86 = Release|x86
		WINDOWS|Any CPU = WINDOWS|Any CPU
		WINDOWS|x86 = WINDOWS|x86
	EndGlobalSection
	GlobalSection(ProjectConfigurationPlatforms) = postSolution
		{2E2DD132-8189-4292-A34F-8D54C8510D4B}.ANDROID|Any CPU.ActiveCfg = Debug|x86
		{2E2DD132-8189-4292-A34F-8D54C8510D4B}.ANDROID|x86.ActiveCfg = Release|x86
		{2E2DD132-8189-4292-A34F-8D54C8510D4B}.ANDROID|x86.Build.0 = Release|x86
		{2E2DD132-8189-4292-A34F-8D54C8510D4B}.Debug|Any CPU.ActiveCfg = Debug|x86
		{2E2DD132-8189-4292-A34F-8D54C8510D4B}.Debug|Any CPU.Build.0 = Debug|x86
		{2E2DD132-8189-4292-A34F-8D54C8510D4B}.Debug|x86.ActiveCfg = Debug|x86
		{2E2DD132-8189-4292-A34F-8D54C8510D4B}.Debug|x86.Build.0 = Debug|x86
		{2E2DD132-8189-4292-A34F-8D54C8510D4B}.Release|Any CPU.ActiveCfg = Release|x86
		{2E2DD132-8189-4292-A34F-8D54C8510D4B}.Release|x86.ActiveCfg = Release|x86
		{2E2DD132-8189-4292-A34F-8D54C8510D4B}.Release|x86.Build.0 = Release|x86
		{2E2DD132-8189-4292-A34F-8D54C8510D4B}.WINDOWS|Any CPU.ActiveCfg = Debug|x86
		{2E2DD132-8189-4292-A34F-8D54C8510D4B}.WINDOWS|Any CPU.Build.0 = Debug|x86
		{2E2DD132-8189-4292-A34F-8D54C8510D4B}.WINDOWS|x86.ActiveCfg = Release|x86
		{2E2DD132-8189-4292-A34F-8D54C8510D4B}.WINDOWS|x86.Build.0 = Release|x86
		{12506D46-D5C2-4D25-BF6E-DA431471949E}.ANDROID|Any CPU.ActiveCfg = ANDROID|Any CPU
		{12506D46-D5C2-4D25-BF6E-DA431471949E}.ANDROID|Any CPU.Build.0 = ANDROID|Any CPU
		{12506D46-D5C2-4D25-BF6E-DA431471949E}.ANDROID|x86.ActiveCfg = ANDROID|Any CPU
		{12506D46-D5C2-4D25-BF6E-DA431471949E}.ANDROID|x86.Build.0 = ANDROID|Any CPU
		{12506D46-D5C2-4D25-BF6E-DA431471949E}.Debug|Any CPU.ActiveCfg = Debug|Any CPU
		{12506D46-D5C2-4D25-BF6E-DA431471949E}.Debug|Any CPU.Build.0 = Debug|Any CPU
		{12506D46-D5C2-4D25-BF6E-DA431471949E}.Debug|x86.ActiveCfg = Debug|Any CPU
		{12506D46-D5C2-4D25-BF6E-DA431471949E}.Debug|x86.Build.0 = Debug|Any CPU
		{12506D46-D5C2-4D25-BF6E-DA431471949E}.Release|Any CPU.ActiveCfg = Release|Any CPU
		{12506D46-D5C2-4D25-BF6E-DA431471949E}.Release|Any CPU.Build.0 = Release|Any CPU
		{12506D46-D5C2-4D25-BF6E-DA431471949E}.Release|x86.ActiveCfg = Release|Any CPU
		{12506D46-D5C2-4D25-BF6E-DA431471949E}.Release|x86.Build.0 = Release|Any CPU
		{12506D46-D5C2-4D25-BF6E-DA431471949E}.WINDOWS|Any CPU.ActiveCfg = WINDOWS|Any CPU
		{12506D46-D5C2-4D25-BF6E-DA431471949E}.WINDOWS|Any CPU.Build.0 = WINDOWS|Any CPU
		{12506D46-D5C2-4D25-BF6E-DA431471949E}.WINDOWS|x86.ActiveCfg = WINDOWS|Any CPU
		{12506D46-D5C2-4D25-BF6E-DA431471949E}.WINDOWS|x86.Build.0 = WINDOWS|Any CPU
		{9609EF1B-B4BB-4FC3-BE35-F195A4C101E4}.ANDROID|Any CPU.ActiveCfg = Debug|Any CPU
		{9609EF1B-B4BB-4FC3-BE35-F195A4C101E4}.ANDROID|Any CPU.Build.0 = Debug|Any CPU
		{9609EF1B-B4BB-4FC3-BE35-F195A4C101E4}.ANDROID|Any CPU.Deploy.0 = Debug|Any CPU
		{9609EF1B-B4BB-4FC3-BE35-F195A4C101E4}.ANDROID|x86.ActiveCfg = Release|Any CPU
		{9609EF1B-B4BB-4FC3-BE35-F195A4C101E4}.ANDROID|x86.Build.0 = Release|Any CPU
		{9609EF1B-B4BB-4FC3-BE35-F195A4C101E4}.ANDROID|x86.Deploy.0 = Release|Any CPU
		{9609EF1B-B4BB-4FC3-BE35-F195A4C101E4}.Debug|Any CPU.ActiveCfg = Debug|Any CPU
		{9609EF1B-B4BB-4FC3-BE35-F195A4C101E4}.Debug|Any CPU.Build.0 = Debug|Any CPU
		{9609EF1B-B4BB-4FC3-BE35-F195A4C101E4}.Debug|Any CPU.Deploy.0 = Debug|Any CPU
		{9609EF1B-B4BB-4FC3-BE35-F195A4C101E4}.Debug|x86.ActiveCfg = Debug|Any CPU
		{9609EF1B-B4BB-4FC3-BE35-F195A4C101E4}.Debug|x86.Build.0 = Debug|Any CPU
		{9609EF1B-B4BB-4FC3-BE35-F195A4C101E4}.Debug|x86.Deploy.0 = Debug|Any CPU
		{9609EF1B-B4BB-4FC3-BE35-F195A4C101E4}.Release|Any CPU.ActiveCfg = Release|Any CPU
		{9609EF1B-B4BB-4FC3-BE35-F195A4C101E4}.Release|Any CPU.Build.0 = Release|Any CPU
		{9609EF1B-B4BB-4FC3-BE35-F195A4C101E4}.Release|Any CPU.Deploy.0 = Release|Any CPU
		{9609EF1B-B4BB-4FC3-BE35-F195A4C101E4}.Release|x86.ActiveCfg = Release|Any CPU
		{9609EF1B-B4BB-4FC3-BE35-F195A4C101E4}.Release|x86.Build.0 = Release|Any CPU
		{9609EF1B-B4BB-4FC3-BE35-F195A4C101E4}.Release|x86.Deploy.0 = Release|Any CPU
		{9609EF1B-B4BB-4FC3-BE35-F195A4C101E4}.WINDOWS|Any CPU.ActiveCfg = Debug|Any CPU
		{9609EF1B-B4BB-4FC3-BE35-F195A4C101E4}.WINDOWS|x86.ActiveCfg = Release|Any CPU
		{9609EF1B-B4BB-4FC3-BE35-F195A4C101E4}.WINDOWS|x86.Build.0 = Release|Any CPU
		{9609EF1B-B4BB-4FC3-BE35-F195A4C101E4}.WINDOWS|x86.Deploy.0 = Release|Any CPU
	EndGlobalSection
	GlobalSection(SolutionProperties) = preSolution
		HideSolutionNode = FALSE
	EndGlobalSection
	GlobalSection(ExtensibilityGlobals) = postSolution
		SolutionGuid = {D91F4F39-2DEB-420B-8F9B-5608B8272B37}
	EndGlobalSection
EndGlobal
